
Microsoft Visual Studio Solution File, Format Version 12.00
# Visual Studio Version 17
VisualStudioVersion = 17.2.32630.192
MinimumVisualStudioVersion = 10.0.40219.1
Project("{9A19103F-16F7-4668-BE54-9A1E7A4F7556}") = "BitwiseORCalc", "BitwiseORCalc\BitwiseORCalc.csproj", "{9563C44E-89FE-4918-AD5B-01543766DB52}"
EndProject
Project("{FAE04EC0-301F-11D3-BF4B-00C04F79EFBC}") = "CreateFlag_JSON", "CreateFlag_JSON\CreateFlag_JSON.csproj", "{A0A2F343-48AC-4B16-952D-29FB342C3A57}"
EndProject
Global
	GlobalSection(SolutionConfigurationPlatforms) = preSolution
		Debug|Any CPU = Debug|Any CPU
		Release|Any CPU = Release|Any CPU
	EndGlobalSection
	GlobalSection(ProjectConfigurationPlatforms) = postSolution
		{9563C44E-89FE-4918-AD5B-01543766DB52}.Debug|Any CPU.ActiveCfg = Debug|Any CPU
		{9563C44E-89FE-4918-AD5B-01543766DB52}.Debug|Any CPU.Build.0 = Debug|Any CPU
		{9563C44E-89FE-4918-AD5B-01543766DB52}.Release|Any CPU.ActiveCfg = Release|Any CPU
		{9563C44E-89FE-4918-AD5B-01543766DB52}.Release|Any CPU.Build.0 = Release|Any CPU
		{A0A2F343-48AC-4B16-952D-29FB342C3A57}.Debug|Any CPU.ActiveCfg = Debug|Any CPU
		{A0A2F343-48AC-4B16-952D-29FB342C3A57}.Debug|Any CPU.Build.0 = Debug|Any CPU
		{A0A2F343-48AC-4B16-952D-29FB342C3A57}.Release|Any CPU.ActiveCfg = Release|Any CPU
		{A0A2F343-48AC-4B16-952D-29FB342C3A57}.Release|Any CPU.Build.0 = Release|Any CPU
	EndGlobalSection
	GlobalSection(SolutionProperties) = preSolution
		HideSolutionNode = FALSE
	EndGlobalSection
	GlobalSection(ExtensibilityGlobals) = postSolution
		SolutionGuid = {8048B8BD-70B6-4D32-A9E0-EC41BF35D885}
	EndGlobalSection
EndGlobal
